
Microsoft Visual Studio Solution File, Format Version 12.00
# Visual Studio Version 17
VisualStudioVersion = 17.10.34928.147
MinimumVisualStudioVersion = 10.0.40219.1
Project("{FAE04EC0-301F-11D3-BF4B-00C04F79EFBC}") = "UploadCSVFileToBlazor", "UploadCSVFileToBlazor\UploadCSVFileToBlazor.csproj", "{F091E810-47E4-451D-A3E1-CA06695EFCBA}"
EndProject
Global
	GlobalSection(SolutionConfigurationPlatforms) = preSolution
		Debug|Any CPU = Debug|Any CPU
		Release|Any CPU = Release|Any CPU
	EndGlobalSection
	GlobalSection(ProjectConfigurationPlatforms) = postSolution
		{F091E810-47E4-451D-A3E1-CA06695EFCBA}.Debug|Any CPU.ActiveCfg = Debug|Any CPU
		{F091E810-47E4-451D-A3E1-CA06695EFCBA}.Debug|Any CPU.Build.0 = Debug|Any CPU
		{F091E810-47E4-451D-A3E1-CA06695EFCBA}.Release|Any CPU.ActiveCfg = Release|Any CPU
		{F091E810-47E4-451D-A3E1-CA06695EFCBA}.Release|Any CPU.Build.0 = Release|Any CPU
	EndGlobalSection
	GlobalSection(SolutionProperties) = preSolution
		HideSolutionNode = FALSE
	EndGlobalSection
	GlobalSection(ExtensibilityGlobals) = postSolution
		SolutionGuid = {626D4F33-CB1C-49AC-8E0F-3E87A98F2066}
	EndGlobalSection
EndGlobal
